
Microsoft Visual Studio Solution File, Format Version 12.00
# Visual Studio 15
VisualStudioVersion = 15.0.27703.2000
MinimumVisualStudioVersion = 10.0.40219.1
Project("{9A19103F-16F7-4668-BE54-9A1E7A4F7556}") = "DatingApp.API", "DatingApp.API.csproj", "{6C6852BF-DB4B-45A1-BBCF-B05B8A825A1D}"
EndProject
Global
	GlobalSection(SolutionConfigurationPlatforms) = preSolution
		Debug|Any CPU = Debug|Any CPU
		Release|Any CPU = Release|Any CPU
	EndGlobalSection
	GlobalSection(ProjectConfigurationPlatforms) = postSolution
		{6C6852BF-DB4B-45A1-BBCF-B05B8A825A1D}.Debug|Any CPU.ActiveCfg = Debug|Any CPU
		{6C6852BF-DB4B-45A1-BBCF-B05B8A825A1D}.Debug|Any CPU.Build.0 = Debug|Any CPU
		{6C6852BF-DB4B-45A1-BBCF-B05B8A825A1D}.Release|Any CPU.ActiveCfg = Release|Any CPU
		{6C6852BF-DB4B-45A1-BBCF-B05B8A825A1D}.Release|Any CPU.Build.0 = Release|Any CPU
	EndGlobalSection
	GlobalSection(SolutionProperties) = preSolution
		HideSolutionNode = FALSE
	EndGlobalSection
	GlobalSection(ExtensibilityGlobals) = postSolution
		SolutionGuid = {D3200FE1-354E-4734-B8E1-17B1DEB114B9}
	EndGlobalSection
EndGlobal
